
Microsoft Visual Studio Solution File, Format Version 12.00
# Visual Studio Version 16
VisualStudioVersion = 16.0.31702.278
MinimumVisualStudioVersion = 10.0.40219.1
Project("{FAE04EC0-301F-11D3-BF4B-00C04F79EFBC}") = "Sai2 Scatter Brush Helper", "Sai2 Scatter Brush Helper\Sai2 Scatter Brush Helper.csproj", "{71F0EE71-FD70-4140-BC2C-51C3BB6E7F2B}"
EndProject
Global
	GlobalSection(SolutionConfigurationPlatforms) = preSolution
		Debug|Any CPU = Debug|Any CPU
		Release|Any CPU = Release|Any CPU
	EndGlobalSection
	GlobalSection(ProjectConfigurationPlatforms) = postSolution
		{71F0EE71-FD70-4140-BC2C-51C3BB6E7F2B}.Debug|Any CPU.ActiveCfg = Debug|Any CPU
		{71F0EE71-FD70-4140-BC2C-51C3BB6E7F2B}.Debug|Any CPU.Build.0 = Debug|Any CPU
		{71F0EE71-FD70-4140-BC2C-51C3BB6E7F2B}.Release|Any CPU.ActiveCfg = Release|Any CPU
		{71F0EE71-FD70-4140-BC2C-51C3BB6E7F2B}.Release|Any CPU.Build.0 = Release|Any CPU
	EndGlobalSection
	GlobalSection(SolutionProperties) = preSolution
		HideSolutionNode = FALSE
	EndGlobalSection
	GlobalSection(ExtensibilityGlobals) = postSolution
		SolutionGuid = {96A60194-0217-4C90-8F93-FF121CB685CA}
	EndGlobalSection
EndGlobal
